
Microsoft Visual Studio Solution File, Format Version 12.00
# Visual Studio Version 17
VisualStudioVersion = 17.0.32126.317
MinimumVisualStudioVersion = 10.0.40219.1
Project("{9A19103F-16F7-4668-BE54-9A1E7A4F7556}") = "Entities", "Entities\Entities.csproj", "{24A446E2-E6B7-4FFE-85E9-84B2CFEA0F76}"
EndProject
Project("{9A19103F-16F7-4668-BE54-9A1E7A4F7556}") = "Repository", "Repository\Repository.csproj", "{4292B206-1D7C-4B39-ABE9-DAB044F0E40D}"
EndProject
Project("{9A19103F-16F7-4668-BE54-9A1E7A4F7556}") = "Services", "Services\Services.csproj", "{E7D1D0C7-72BE-4478-ACAC-6573B94B7897}"
EndProject
Project("{9A19103F-16F7-4668-BE54-9A1E7A4F7556}") = "WebUI", "WebUI\WebUI.csproj", "{297EAC12-4C36-4E6D-B83E-98D585624C72}"
EndProject
Project("{9A19103F-16F7-4668-BE54-9A1E7A4F7556}") = "DomainModel", "DomainModel\DomainModel.csproj", "{45C8DF18-0C0E-419E-A677-AFA5CC0A915E}"
EndProject
Global
	GlobalSection(SolutionConfigurationPlatforms) = preSolution
		Debug|Any CPU = Debug|Any CPU
		Release|Any CPU = Release|Any CPU
	EndGlobalSection
	GlobalSection(ProjectConfigurationPlatforms) = postSolution
		{24A446E2-E6B7-4FFE-85E9-84B2CFEA0F76}.Debug|Any CPU.ActiveCfg = Debug|Any CPU
		{24A446E2-E6B7-4FFE-85E9-84B2CFEA0F76}.Debug|Any CPU.Build.0 = Debug|Any CPU
		{24A446E2-E6B7-4FFE-85E9-84B2CFEA0F76}.Release|Any CPU.ActiveCfg = Release|Any CPU
		{24A446E2-E6B7-4FFE-85E9-84B2CFEA0F76}.Release|Any CPU.Build.0 = Release|Any CPU
		{4292B206-1D7C-4B39-ABE9-DAB044F0E40D}.Debug|Any CPU.ActiveCfg = Debug|Any CPU
		{4292B206-1D7C-4B39-ABE9-DAB044F0E40D}.Debug|Any CPU.Build.0 = Debug|Any CPU
		{4292B206-1D7C-4B39-ABE9-DAB044F0E40D}.Release|Any CPU.ActiveCfg = Release|Any CPU
		{4292B206-1D7C-4B39-ABE9-DAB044F0E40D}.Release|Any CPU.Build.0 = Release|Any CPU
		{E7D1D0C7-72BE-4478-ACAC-6573B94B7897}.Debug|Any CPU.ActiveCfg = Debug|Any CPU
		{E7D1D0C7-72BE-4478-ACAC-6573B94B7897}.Debug|Any CPU.Build.0 = Debug|Any CPU
		{E7D1D0C7-72BE-4478-ACAC-6573B94B7897}.Release|Any CPU.ActiveCfg = Release|Any CPU
		{E7D1D0C7-72BE-4478-ACAC-6573B94B7897}.Release|Any CPU.Build.0 = Release|Any CPU
		{297EAC12-4C36-4E6D-B83E-98D585624C72}.Debug|Any CPU.ActiveCfg = Debug|Any CPU
		{297EAC12-4C36-4E6D-B83E-98D585624C72}.Debug|Any CPU.Build.0 = Debug|Any CPU
		{297EAC12-4C36-4E6D-B83E-98D585624C72}.Release|Any CPU.ActiveCfg = Release|Any CPU
		{297EAC12-4C36-4E6D-B83E-98D585624C72}.Release|Any CPU.Build.0 = Release|Any CPU
		{45C8DF18-0C0E-419E-A677-AFA5CC0A915E}.Debug|Any CPU.ActiveCfg = Debug|Any CPU
		{45C8DF18-0C0E-419E-A677-AFA5CC0A915E}.Debug|Any CPU.Build.0 = Debug|Any CPU
		{45C8DF18-0C0E-419E-A677-AFA5CC0A915E}.Release|Any CPU.ActiveCfg = Release|Any CPU
		{45C8DF18-0C0E-419E-A677-AFA5CC0A915E}.Release|Any CPU.Build.0 = Release|Any CPU
	EndGlobalSection
	GlobalSection(SolutionProperties) = preSolution
		HideSolutionNode = FALSE
	EndGlobalSection
	GlobalSection(ExtensibilityGlobals) = postSolution
		SolutionGuid = {69320940-16A4-4384-B045-244BF73F7411}
	EndGlobalSection
EndGlobal
